{
    "_readme": [
        "This file locks the dependencies of your project to a known state",
        "Read more about it at https://getcomposer.org/doc/01-basic-usage.md#composer-lock-the-lock-file",
        "This file is @generated automatically"
    ],
    "hash": "1153d83875ee7c089dfcedd1a03da8e2",
    "content-hash": "ac68a95716bf93ea5d2b11ead041ce63",
    "packages": [
        {
            "name": "bacon/bacon-qr-code",
            "version": "1.0.0",
            "source": {
                "type": "git",
                "url": "https://github.com/Bacon/BaconQrCode.git",
                "reference": "0537ed27917f5ae26e5837ac4bfd837171d0b848"
            },
            "dist": {
                "type": "zip",
                "url": "https://api.github.com/repos/Bacon/BaconQrCode/zipball/0537ed27917f5ae26e5837ac4bfd837171d0b848",
                "reference": "0537ed27917f5ae26e5837ac4bfd837171d0b848",
                "shasum": ""
            },
            "require": {
                "php": ">=5.3.3"
            },
            "suggest": {
                "ext-gd": "to generate QR code images"
            },
            "type": "library",
            "autoload": {
                "psr-0": {
                    "BaconQrCode": "src/"
                }
            },
            "notification-url": "https://packagist.org/downloads/",
            "license": [
                "BSD-2-Clause"
            ],
            "authors": [
                {
                    "name": "Ben Scholzen 'DASPRiD'",
                    "email": "mail@dasprids.de",
                    "homepage": "http://www.dasprids.de",
                    "role": "Developer"
                }
            ],
            "description": "BaconQrCode is a QR code generator for PHP.",
            "homepage": "https://github.com/Bacon/BaconQrCode",
            "time": "2013-08-27 10:20:42"
        },
        {
            "name": "christian-riesen/base32",
            "version": "1.2.2",
            "source": {
                "type": "git",
                "url": "https://github.com/ChristianRiesen/base32.git",
                "reference": "fbe67d49d45dc789f942ef828c787550ebb894bc"
            },
            "dist": {
                "type": "zip",
                "url": "https://api.github.com/repos/ChristianRiesen/base32/zipball/fbe67d49d45dc789f942ef828c787550ebb894bc",
                "reference": "fbe67d49d45dc789f942ef828c787550ebb894bc",
                "shasum": ""
            },
            "require": {
                "php": ">=5.3.0"
            },
            "require-dev": {
                "phpunit/phpunit": "4.*",
                "satooshi/php-coveralls": "0.*"
            },
            "type": "library",
            "extra": {
                "branch-alias": {
                    "dev-master": "1.1.x-dev"
                }
            },
            "autoload": {
                "psr-4": {
                    "Base32\\": "src/"
                }
            },
            "notification-url": "https://packagist.org/downloads/",
            "license": [
                "MIT"
            ],
            "authors": [
                {
                    "name": "Christian Riesen",
                    "email": "chris.riesen@gmail.com",
                    "homepage": "http://christianriesen.com",
                    "role": "Developer"
                }
            ],
            "description": "Base32 encoder/decoder according to RFC 4648",
            "homepage": "https://github.com/ChristianRiesen/base32",
            "keywords": [
                "base32",
                "decode",
                "encode",
                "rfc4648"
            ],
            "time": "2015-09-27 23:45:02"
        },
        {
            "name": "doctrine/inflector",
            "version": "v1.1.0",
            "source": {
                "type": "git",
                "url": "https://github.com/doctrine/inflector.git",
                "reference": "90b2128806bfde671b6952ab8bea493942c1fdae"
            },
            "dist": {
                "type": "zip",
                "url": "https://api.github.com/repos/doctrine/inflector/zipball/90b2128806bfde671b6952ab8bea493942c1fdae",
                "reference": "90b2128806bfde671b6952ab8bea493942c1fdae",
                "shasum": ""
            },
            "require": {
                "php": ">=5.3.2"
            },
            "require-dev": {
                "phpunit/phpunit": "4.*"
            },
            "type": "library",
            "extra": {
                "branch-alias": {
                    "dev-master": "1.1.x-dev"
                }
            },
            "autoload": {
                "psr-0": {
                    "Doctrine\\Common\\Inflector\\": "lib/"
                }
            },
            "notification-url": "https://packagist.org/downloads/",
            "license": [
                "MIT"
            ],
            "authors": [
                {
                    "name": "Roman Borschel",
                    "email": "roman@code-factory.org"
                },
                {
                    "name": "Benjamin Eberlei",
                    "email": "kontakt@beberlei.de"
                },
                {
                    "name": "Guilherme Blanco",
                    "email": "guilhermeblanco@gmail.com"
                },
                {
                    "name": "Jonathan Wage",
                    "email": "jonwage@gmail.com"
                },
                {
                    "name": "Johannes Schmitt",
                    "email": "schmittjoh@gmail.com"
                }
            ],
            "description": "Common String Manipulations with regard to casing and singular/plural rules.",
            "homepage": "http://www.doctrine-project.org",
            "keywords": [
                "inflection",
                "pluralize",
                "singularize",
                "string"
            ],
            "time": "2015-11-06 14:35:42"
        },
        {
            "name": "ezyang/htmlpurifier",
            "version": "dev-master",
            "source": {
                "type": "git",
                "url": "https://github.com/ezyang/htmlpurifier.git",
                "reference": "913ac6955b6733d3148f2e2002f9e1120e85989c"
            },
            "dist": {
                "type": "zip",
                "url": "https://api.github.com/repos/ezyang/htmlpurifier/zipball/913ac6955b6733d3148f2e2002f9e1120e85989c",
                "reference": "913ac6955b6733d3148f2e2002f9e1120e85989c",
                "shasum": ""
            },
            "require": {
                "php": ">=5.2"
            },
            "type": "library",
            "autoload": {
                "psr-0": {
                    "HTMLPurifier": "library/"
                },
                "files": [
                    "library/HTMLPurifier.composer.php"
                ]
            },
            "notification-url": "https://packagist.org/downloads/",
            "license": [
                "LGPL"
            ],
            "authors": [
                {
                    "name": "Edward Z. Yang",
                    "email": "admin@htmlpurifier.org",
                    "homepage": "http://ezyang.com"
                }
            ],
            "description": "Standards compliant HTML filter written in PHP",
            "homepage": "http://htmlpurifier.org/",
            "keywords": [
                "html"
            ],
            "time": "2015-12-20 19:53:54"
        },
        {
            "name": "hautelook/phpass",
            "version": "0.3.4",
            "source": {
                "type": "git",
                "url": "https://github.com/hautelook/phpass.git",
                "reference": "f0217d804225822f9bdb0d392839029b0fcb0914"
            },
            "dist": {
                "type": "zip",
                "url": "https://api.github.com/repos/hautelook/phpass/zipball/f0217d804225822f9bdb0d392839029b0fcb0914",
                "reference": "f0217d804225822f9bdb0d392839029b0fcb0914",
                "shasum": ""
            },
            "require": {
                "php": ">=5.3.3"
            },
            "type": "library",
            "autoload": {
                "psr-0": {
                    "Hautelook": "src/"
                }
            },
            "notification-url": "https://packagist.org/downloads/",
            "license": [
                "Public Domain"
            ],
            "authors": [
                {
                    "name": "Solar Designer",
                    "email": "solar@openwall.com",
                    "homepage": "http://openwall.com/phpass/"
                }
            ],
            "description": "Portable PHP password hashing framework",
            "homepage": "http://github.com/hautelook/phpass/",
            "keywords": [
                "blowfish",
                "crypt",
                "password",
                "security"
            ],
            "time": "2012-08-31 00:00:00"
        },
        {
            "name": "illuminate/container",
            "version": "v5.2.0",
            "source": {
                "type": "git",
                "url": "https://github.com/illuminate/container.git",
                "reference": "64c728a58f35c71cbcafe3ef17eb8057965d3dbc"
            },
            "dist": {
                "type": "zip",
                "url": "https://api.github.com/repos/illuminate/container/zipball/64c728a58f35c71cbcafe3ef17eb8057965d3dbc",
                "reference": "64c728a58f35c71cbcafe3ef17eb8057965d3dbc",
                "shasum": ""
            },
            "require": {
                "illuminate/contracts": "5.2.*",
                "php": ">=5.5.9"
            },
            "type": "library",
            "extra": {
                "branch-alias": {
                    "dev-master": "5.2-dev"
                }
            },
            "autoload": {
                "psr-4": {
                    "Illuminate\\Container\\": ""
                }
            },
            "notification-url": "https://packagist.org/downloads/",
            "license": [
                "MIT"
            ],
            "authors": [
                {
                    "name": "Taylor Otwell",
                    "email": "taylorotwell@gmail.com"
                }
            ],
            "description": "The Illuminate Container package.",
            "homepage": "http://laravel.com",
            "time": "2015-12-17 20:45:15"
        },
        {
            "name": "illuminate/contracts",
            "version": "v5.2.0",
            "source": {
                "type": "git",
                "url": "https://github.com/illuminate/contracts.git",
                "reference": "51b3acf96a12f5a10d767d5f2a534fed6f304235"
            },
            "dist": {
                "type": "zip",
                "url": "https://api.github.com/repos/illuminate/contracts/zipball/51b3acf96a12f5a10d767d5f2a534fed6f304235",
                "reference": "51b3acf96a12f5a10d767d5f2a534fed6f304235",
                "shasum": ""
            },
            "require": {
                "php": ">=5.5.9"
            },
            "type": "library",
            "extra": {
                "branch-alias": {
                    "dev-master": "5.2-dev"
                }
            },
            "autoload": {
                "psr-4": {
                    "Illuminate\\Contracts\\": ""
                }
            },
            "notification-url": "https://packagist.org/downloads/",
            "license": [
                "MIT"
            ],
            "authors": [
                {
                    "name": "Taylor Otwell",
                    "email": "taylorotwell@gmail.com"
                }
            ],
            "description": "The Illuminate Contracts package.",
            "homepage": "http://laravel.com",
            "time": "2015-12-19 14:25:38"
        },
        {
            "name": "illuminate/events",
            "version": "v5.2.0",
            "source": {
                "type": "git",
                "url": "https://github.com/illuminate/events.git",
                "reference": "189f1915846101ecb93a9b2fc2dadb1e8c7d1b42"
            },
            "dist": {
                "type": "zip",
                "url": "https://api.github.com/repos/illuminate/events/zipball/189f1915846101ecb93a9b2fc2dadb1e8c7d1b42",
                "reference": "189f1915846101ecb93a9b2fc2dadb1e8c7d1b42",
                "shasum": ""
            },
            "require": {
                "illuminate/container": "5.2.*",
                "illuminate/contracts": "5.2.*",
                "illuminate/support": "5.2.*",
                "php": ">=5.5.9"
            },
            "type": "library",
            "extra": {
                "branch-alias": {
                    "dev-master": "5.2-dev"
                }
            },
            "autoload": {
                "psr-4": {
                    "Illuminate\\Events\\": ""
                }
            },
            "notification-url": "https://packagist.org/downloads/",
            "license": [
                "MIT"
            ],
            "authors": [
                {
                    "name": "Taylor Otwell",
                    "email": "taylorotwell@gmail.com"
                }
            ],
            "description": "The Illuminate Events package.",
            "homepage": "http://laravel.com",
            "time": "2015-11-30 19:26:21"
        },
        {
            "name": "illuminate/filesystem",
            "version": "v5.2.0",
            "source": {
                "type": "git",
                "url": "https://github.com/illuminate/filesystem.git",
                "reference": "693789f11c22b96180dce3a20e6b7c4842299400"
            },
            "dist": {
                "type": "zip",
                "url": "https://api.github.com/repos/illuminate/filesystem/zipball/693789f11c22b96180dce3a20e6b7c4842299400",
                "reference": "693789f11c22b96180dce3a20e6b7c4842299400",
                "shasum": ""
            },
            "require": {
                "illuminate/contracts": "5.2.*",
                "illuminate/support": "5.2.*",
                "php": ">=5.5.9",
                "symfony/finder": "2.8.*|3.0.*"
            },
            "suggest": {
                "league/flysystem": "Required to use the Flysystem local and FTP drivers (~1.0).",
                "league/flysystem-aws-s3-v3": "Required to use the Flysystem S3 driver (~1.0).",
                "league/flysystem-rackspace": "Required to use the Flysystem Rackspace driver (~1.0)."
            },
            "type": "library",
            "extra": {
                "branch-alias": {
                    "dev-master": "5.2-dev"
                }
            },
            "autoload": {
                "psr-4": {
                    "Illuminate\\Filesystem\\": ""
                }
            },
            "notification-url": "https://packagist.org/downloads/",
            "license": [
                "MIT"
            ],
            "authors": [
                {
                    "name": "Taylor Otwell",
                    "email": "taylorotwell@gmail.com"
                }
            ],
            "description": "The Illuminate Filesystem package.",
            "homepage": "http://laravel.com",
            "time": "2015-12-20 15:49:15"
        },
        {
            "name": "illuminate/support",
            "version": "v5.2.0",
            "source": {
                "type": "git",
                "url": "https://github.com/illuminate/support.git",
                "reference": "0b25fb20b0c75392b0b3848fe067275c51235e37"
            },
            "dist": {
                "type": "zip",
                "url": "https://api.github.com/repos/illuminate/support/zipball/0b25fb20b0c75392b0b3848fe067275c51235e37",
                "reference": "0b25fb20b0c75392b0b3848fe067275c51235e37",
                "shasum": ""
            },
            "require": {
                "doctrine/inflector": "~1.0",
                "ext-mbstring": "*",
                "illuminate/contracts": "5.2.*",
                "php": ">=5.5.9"
            },
            "suggest": {
                "illuminate/filesystem": "Required to use the composer class (5.2.*).",
                "jeremeamia/superclosure": "Required to be able to serialize closures (~2.2).",
                "paragonie/random_compat": "Provides a compatible interface like PHP7's random_bytes() in PHP 5 projects (~1.1).",
                "symfony/polyfill-php56": "Required to use the hash_equals function on PHP 5.5 (~1.0).",
                "symfony/process": "Required to use the composer class (2.8.*|3.0.*).",
                "symfony/var-dumper": "Improves the dd function (2.8.*|3.0.*)."
            },
            "type": "library",
            "extra": {
                "branch-alias": {
                    "dev-master": "5.2-dev"
                }
            },
            "autoload": {
                "psr-4": {
                    "Illuminate\\Support\\": ""
                },
                "files": [
                    "helpers.php"
                ]
            },
            "notification-url": "https://packagist.org/downloads/",
            "license": [
                "MIT"
            ],
            "authors": [
                {
                    "name": "Taylor Otwell",
                    "email": "taylorotwell@gmail.com"
                }
            ],
            "description": "The Illuminate Support package.",
            "homepage": "http://laravel.com",
            "time": "2015-12-07 16:09:55"
        },
        {
            "name": "illuminate/view",
            "version": "v5.2.0",
            "source": {
                "type": "git",
                "url": "https://github.com/illuminate/view.git",
                "reference": "a52d527ecbf26fe6ed8c441f6167ed75f6b39d95"
            },
            "dist": {
                "type": "zip",
                "url": "https://api.github.com/repos/illuminate/view/zipball/a52d527ecbf26fe6ed8c441f6167ed75f6b39d95",
                "reference": "a52d527ecbf26fe6ed8c441f6167ed75f6b39d95",
                "shasum": ""
            },
            "require": {
                "illuminate/container": "5.2.*",
                "illuminate/contracts": "5.2.*",
                "illuminate/events": "5.2.*",
                "illuminate/filesystem": "5.2.*",
                "illuminate/support": "5.2.*",
                "php": ">=5.5.9"
            },
            "type": "library",
            "extra": {
                "branch-alias": {
                    "dev-master": "5.2-dev"
                }
            },
            "autoload": {
                "psr-4": {
                    "Illuminate\\View\\": ""
                }
            },
            "notification-url": "https://packagist.org/downloads/",
            "license": [
                "MIT"
            ],
            "authors": [
                {
                    "name": "Taylor Otwell",
                    "email": "taylorotwell@gmail.com"
                }
            ],
            "description": "The Illuminate View package.",
            "homepage": "http://laravel.com",
            "time": "2015-12-08 16:38:14"
        },
        {
            "name": "jasig/phpcas",
            "version": "1.3.4",
            "source": {
                "type": "git",
                "url": "https://github.com/Jasig/phpCAS.git",
                "reference": "8c74d21630f74278270830fdbdb0c1317bce3f0a"
            },
            "dist": {
                "type": "zip",
                "url": "https://api.github.com/repos/Jasig/phpCAS/zipball/8c74d21630f74278270830fdbdb0c1317bce3f0a",
                "reference": "8c74d21630f74278270830fdbdb0c1317bce3f0a",
                "shasum": ""
            },
            "require": {
                "ext-curl": "*",
                "php": ">=5.0.0"
            },
            "require-dev": {
                "phpunit/phpunit": "~3.7.10"
            },
            "type": "library",
            "extra": {
                "branch-alias": {
                    "dev-master": "1.3.x-dev"
                }
            },
            "autoload": {
                "classmap": [
                    "source/"
                ]
            },
            "notification-url": "https://packagist.org/downloads/",
            "license": [
                "Apache-2.0"
            ],
            "authors": [
                {
                    "name": "Joachim Fritschi",
                    "homepage": "https://wiki.jasig.org/display/~fritschi"
                },
                {
                    "name": "Adam Franco",
                    "homepage": "https://wiki.jasig.org/display/~adamfranco"
                }
            ],
            "description": "Provides a simple API for authenticating users against a CAS server",
            "homepage": "https://wiki.jasig.org/display/CASC/phpCAS",
            "keywords": [
                "cas",
                "jasig"
            ],
            "time": "2015-11-16 20:44:36"
        },
        {
            "name": "pclzip/pclzip",
            "version": "2.8.2",
            "source": {
                "type": "git",
                "url": "https://github.com/ivanlanin/pclzip.git",
                "reference": "19dd1de9d3f5fc4d7d70175b4c344dee329f45fd"
            },
            "dist": {
                "type": "zip",
                "url": "https://api.github.com/repos/ivanlanin/pclzip/zipball/19dd1de9d3f5fc4d7d70175b4c344dee329f45fd",
                "reference": "19dd1de9d3f5fc4d7d70175b4c344dee329f45fd",
                "shasum": ""
            },
            "type": "library",
            "autoload": {
                "classmap": [
                    "pclzip.lib.php"
                ]
            },
            "notification-url": "https://packagist.org/downloads/",
            "license": [
                "LGPL-2.1"
            ],
            "authors": [
                {
                    "name": "Vincent Blavet"
                }
            ],
            "description": "A PHP library that offers compression and extraction functions for Zip formatted archives",
            "homepage": "http://www.phpconcept.net/pclzip",
            "keywords": [
                "php",
                "zip"
            ],
            "time": "2014-06-05 11:42:24"
        },
        {
            "name": "philo/laravel-blade",
            "version": "v3.1",
            "source": {
                "type": "git",
                "url": "https://github.com/PhiloNL/Laravel-Blade.git",
                "reference": "3f0ce2ee198604c53c25188110e6d7b5e887527a"
            },
            "dist": {
                "type": "zip",
                "url": "https://api.github.com/repos/PhiloNL/Laravel-Blade/zipball/3f0ce2ee198604c53c25188110e6d7b5e887527a",
                "reference": "3f0ce2ee198604c53c25188110e6d7b5e887527a",
                "shasum": ""
            },
            "require": {
                "illuminate/events": "~5",
                "illuminate/view": "~5"
            },
            "type": "library",
            "autoload": {
                "psr-4": {
                    "Philo\\Blade\\": "src"
                }
            },
            "notification-url": "https://packagist.org/downloads/",
            "license": [
                "MIT"
            ],
            "authors": [
                {
                    "name": "Philo Hermans",
                    "email": "me@philohermans.com"
                }
            ],
            "description": "Use the simple and yet powerful Laravel Blade templating engine as a standalone component.",
            "keywords": [
                "blade",
                "laravel"
            ],
            "time": "2015-12-04 09:42:42"
        },
        {
            "name": "phpids/phpids",
            "version": "dev-master",
            "source": {
                "type": "git",
                "url": "https://github.com/PHPIDS/PHPIDS.git",
                "reference": "dfc1476e4ffe9f1dde72c0954912411082a17597"
            },
            "dist": {
                "type": "zip",
                "url": "https://api.github.com/repos/PHPIDS/PHPIDS/zipball/dfc1476e4ffe9f1dde72c0954912411082a17597",
                "reference": "dfc1476e4ffe9f1dde72c0954912411082a17597",
                "shasum": ""
            },
            "require": {
                "ezyang/htmlpurifier": "dev-master"
            },
            "type": "library",
            "autoload": {
                "psr-0": {
                    "IDS\\Tests": "tests/",
                    "IDS": "lib/"
                }
            },
            "notification-url": "https://packagist.org/downloads/",
            "license": [
                "LGPL-3.0+"
            ],
            "authors": [
                {
                    "name": "Lars Strojny",
                    "email": "lars@strojny.net"
                }
            ],
            "description": "PHPIDS (PHP-Intrusion Detection System) is a simple to use, well structured, fast and state-of-the-art security layer for your PHP based web application",
            "homepage": "http://phpids.org",
            "time": "2014-09-03 11:39:39"
        },
        {
            "name": "pragmarx/google2fa",
            "version": "dev-master",
            "source": {
                "type": "git",
                "url": "https://github.com/antonioribeiro/google2fa.git",
                "reference": "f26612a3ac03dfaafec6e8fd8dd28239cd0a8c6a"
            },
            "dist": {
                "type": "zip",
                "url": "https://api.github.com/repos/antonioribeiro/google2fa/zipball/f26612a3ac03dfaafec6e8fd8dd28239cd0a8c6a",
                "reference": "f26612a3ac03dfaafec6e8fd8dd28239cd0a8c6a",
                "shasum": ""
            },
            "require": {
                "christian-riesen/base32": "~1.0",
                "php": ">=5.3.7",
                "simplesoftwareio/simple-qrcode": "1.3.*"
            },
            "require-dev": {
                "phpspec/phpspec": "~2.1"
            },
            "type": "library",
            "extra": {
                "component": "package",
                "frameworks": [
                    "Laravel"
                ]
            },
            "autoload": {
                "psr-4": {
                    "PragmaRX\\Google2FA\\": "src/"
                }
            },
            "notification-url": "https://packagist.org/downloads/",
            "license": [
                "BSD-3-Clause"
            ],
            "authors": [
                {
                    "name": "Antonio Carlos Ribeiro",
                    "email": "acr@antoniocarlosribeiro.com",
                    "role": "Creator & Designer"
                }
            ],
            "description": "A One Time Password Authentication package, compatible with Google Authenticator.",
            "keywords": [
                "Authentication",
                "Two Factor Authentication",
                "google2fa",
                "laravel"
            ],
            "time": "2015-11-07 14:02:49"
        },
        {
            "name": "simplesoftwareio/simple-qrcode",
            "version": "1.3.1",
            "source": {
                "type": "git",
                "url": "https://github.com/SimpleSoftwareIO/simple-qrcode.git",
                "reference": "549c649826209984925364e52985c4c7284a4c33"
            },
            "dist": {
                "type": "zip",
                "url": "https://api.github.com/repos/SimpleSoftwareIO/simple-qrcode/zipball/549c649826209984925364e52985c4c7284a4c33",
                "reference": "549c649826209984925364e52985c4c7284a4c33",
                "shasum": ""
            },
            "require": {
                "bacon/bacon-qr-code": "1.0.*",
                "ext-gd": "*",
                "illuminate/support": ">=4.2.0",
                "php": ">=5.4.0"
            },
            "require-dev": {
                "mockery/mockery": "0.9.*",
                "phpunit/phpunit": "4.7.*"
            },
            "type": "library",
            "autoload": {
                "psr-0": {
                    "SimpleSoftwareIO\\QrCode\\": "src"
                }
            },
            "notification-url": "https://packagist.org/downloads/",
            "license": [
                "MIT"
            ],
            "authors": [
                {
                    "name": "Simple Software LLC",
                    "email": "support@simplesoftware.io"
                }
            ],
            "description": "Simple QrCode is a QR code generator made for Laravel.",
            "homepage": "http://www.simplesoftware.io",
            "keywords": [
                "Simple",
                "generator",
                "laravel",
                "qrcode",
                "wrapper"
            ],
            "time": "2015-09-18 00:38:04"
        },
        {
            "name": "swiftmailer/swiftmailer",
            "version": "v5.4.1",
            "source": {
                "type": "git",
                "url": "https://github.com/swiftmailer/swiftmailer.git",
                "reference": "0697e6aa65c83edf97bb0f23d8763f94e3f11421"
            },
            "dist": {
                "type": "zip",
                "url": "https://api.github.com/repos/swiftmailer/swiftmailer/zipball/0697e6aa65c83edf97bb0f23d8763f94e3f11421",
                "reference": "0697e6aa65c83edf97bb0f23d8763f94e3f11421",
                "shasum": ""
            },
            "require": {
                "php": ">=5.3.3"
            },
            "require-dev": {
                "mockery/mockery": "~0.9.1,<0.9.4"
            },
            "type": "library",
            "extra": {
                "branch-alias": {
                    "dev-master": "5.4-dev"
                }
            },
            "autoload": {
                "files": [
                    "lib/swift_required.php"
                ]
            },
            "notification-url": "https://packagist.org/downloads/",
            "license": [
                "MIT"
            ],
            "authors": [
                {
                    "name": "Chris Corbyn"
                },
                {
                    "name": "Fabien Potencier",
                    "email": "fabien@symfony.com"
                }
            ],
            "description": "Swiftmailer, free feature-rich PHP mailer",
            "homepage": "http://swiftmailer.org",
            "keywords": [
                "email",
                "mail",
                "mailer"
            ],
            "time": "2015-06-06 14:19:39"
        },
        {
            "name": "symfony/finder",
            "version": "v3.0.0",
            "source": {
                "type": "git",
                "url": "https://github.com/symfony/finder.git",
                "reference": "3577eb98dba90721d1a0a3edfc6956ab8b1aecee"
            },
            "dist": {
                "type": "zip",
                "url": "https://api.github.com/repos/symfony/finder/zipball/3577eb98dba90721d1a0a3edfc6956ab8b1aecee",
                "reference": "3577eb98dba90721d1a0a3edfc6956ab8b1aecee",
                "shasum": ""
            },
            "require": {
                "php": ">=5.5.9"
            },
            "type": "library",
            "extra": {
                "branch-alias": {
                    "dev-master": "3.0-dev"
                }
            },
            "autoload": {
                "psr-4": {
                    "Symfony\\Component\\Finder\\": ""
                },
                "exclude-from-classmap": [
                    "/Tests/"
                ]
            },
            "notification-url": "https://packagist.org/downloads/",
            "license": [
                "MIT"
            ],
            "authors": [
                {
                    "name": "Fabien Potencier",
                    "email": "fabien@symfony.com"
                },
                {
                    "name": "Symfony Community",
                    "homepage": "https://symfony.com/contributors"
                }
            ],
            "description": "Symfony Finder Component",
            "homepage": "https://symfony.com",
            "time": "2015-10-30 23:35:59"
        },
        {
            "name": "vlucas/valitron",
            "version": "dev-master",
            "source": {
                "type": "git",
                "url": "https://github.com/vlucas/valitron.git",
                "reference": "d2b63c611980bb804d17468bf0b3c8d4e28afbf5"
            },
            "dist": {
                "type": "zip",
                "url": "https://api.github.com/repos/vlucas/valitron/zipball/d2b63c611980bb804d17468bf0b3c8d4e28afbf5",
                "reference": "d2b63c611980bb804d17468bf0b3c8d4e28afbf5",
                "shasum": ""
            },
            "require": {
                "php": ">=5.3.2"
            },
            "require-dev": {
                "phpunit/phpunit": "~4.0"
            },
            "type": "library",
            "autoload": {
                "psr-0": {
                    "Valitron": "src/"
                }
            },
            "notification-url": "https://packagist.org/downloads/",
            "license": [
                "BSD"
            ],
            "authors": [
                {
                    "name": "Vance Lucas",
                    "email": "vance@vancelucas.com",
                    "homepage": "http://www.vancelucas.com"
                }
            ],
            "description": "Simple, elegant, stand-alone validation library with NO dependencies",
            "homepage": "http://github.com/vlucas/valitron",
            "keywords": [
                "valid",
                "validation",
                "validator"
            ],
            "time": "2015-12-15 20:10:29"
        }
    ],
    "packages-dev": [],
    "aliases": [],
    "minimum-stability": "stable",
    "stability-flags": {
        "vlucas/valitron": 20,
        "ezyang/htmlpurifier": 20,
        "phpids/phpids": 20,
        "pragmarx/google2fa": 20,
        "swiftmailer/swiftmailer": 0
    },
    "prefer-stable": false,
    "prefer-lowest": false,
    "platform": [],
    "platform-dev": []
}
