{
    "_readme": [
        "This file locks the dependencies of your project to a known state",
        "Read more about it at https://getcomposer.org/doc/01-basic-usage.md#composer-lock-the-lock-file",
        "This file is @generated automatically"
    ],
    "hash": "f3f524653ac16abbbab0d8eb64517ed6",
    "content-hash": "8ad3725b81ffb58c64316f99cc19ce18",
    "packages": [
        {
            "name": "hautelook/phpass",
            "version": "0.3.4",
            "source": {
                "type": "git",
                "url": "https://github.com/hautelook/phpass.git",
                "reference": "f0217d804225822f9bdb0d392839029b0fcb0914"
            },
            "dist": {
                "type": "zip",
                "url": "https://api.github.com/repos/hautelook/phpass/zipball/f0217d804225822f9bdb0d392839029b0fcb0914",
                "reference": "f0217d804225822f9bdb0d392839029b0fcb0914",
                "shasum": ""
            },
            "require": {
                "php": ">=5.3.3"
            },
            "type": "library",
            "autoload": {
                "psr-0": {
                    "Hautelook": "src/"
                }
            },
            "notification-url": "https://packagist.org/downloads/",
            "license": [
                "Public Domain"
            ],
            "authors": [
                {
                    "name": "Solar Designer",
                    "email": "solar@openwall.com",
                    "homepage": "http://openwall.com/phpass/"
                }
            ],
            "description": "Portable PHP password hashing framework",
            "homepage": "http://github.com/hautelook/phpass/",
            "keywords": [
                "blowfish",
                "crypt",
                "password",
                "security"
            ],
            "time": "2012-08-31 00:00:00"
        },
        {
            "name": "vlucas/valitron",
            "version": "v1.2.3",
            "source": {
                "type": "git",
                "url": "https://github.com/vlucas/valitron.git",
                "reference": "c7342e025a95b2e400153bc10b059b16018220fe"
            },
            "dist": {
                "type": "zip",
                "url": "https://api.github.com/repos/vlucas/valitron/zipball/c7342e025a95b2e400153bc10b059b16018220fe",
                "reference": "c7342e025a95b2e400153bc10b059b16018220fe",
                "shasum": ""
            },
            "require": {
                "php": ">=5.3.2"
            },
            "require-dev": {
                "phpunit/phpunit": "~4.0"
            },
            "type": "library",
            "autoload": {
                "psr-0": {
                    "Valitron": "src/"
                }
            },
            "notification-url": "https://packagist.org/downloads/",
            "license": [
                "BSD"
            ],
            "authors": [
                {
                    "name": "Vance Lucas",
                    "email": "vance@vancelucas.com",
                    "homepage": "http://www.vancelucas.com"
                }
            ],
            "description": "Simple, elegant, stand-alone validation library with NO dependencies",
            "homepage": "http://github.com/vlucas/valitron",
            "keywords": [
                "valid",
                "validation",
                "validator"
            ],
            "time": "2014-11-20 15:24:40"
        }
    ],
    "packages-dev": [],
    "aliases": [],
    "minimum-stability": "stable",
    "stability-flags": [],
    "prefer-stable": false,
    "prefer-lowest": false,
    "platform": [],
    "platform-dev": []
}
