# THIS IS AN AUTOGENERATED FILE. DO NOT EDIT THIS FILE DIRECTLY.
# yarn lockfile v1


"@babel/runtime@^7.11.2", "@babel/runtime@^7.12.5", "@babel/runtime@^7.5.5":
  version "7.17.7"
  resolved "https://registry.yarnpkg.com/@babel/runtime/-/runtime-7.17.7.tgz#a5f3328dc41ff39d803f311cfe17703418cf9825"
  integrity sha512-L6rvG9GDxaLgFjg41K+5Yv9OMrU98sWe+Ykmc6FDJW/+vYZMhdOMKkISgzptMaERHvS2Y2lw9MDRm2gHhlQQoA==
  dependencies:
    regenerator-runtime "^0.13.4"

"@videojs/http-streaming@2.13.1":
  version "2.13.1"
  resolved "https://registry.yarnpkg.com/@videojs/http-streaming/-/http-streaming-2.13.1.tgz#b7688d91eec969181430e00868b514b16b3b21b7"
  integrity sha512-1x3fkGSPyL0+iaS3/lTvfnPTtfqzfgG+ELQtPPtTvDwqGol9Mx3TNyZwtSTdIufBrqYRn7XybB/3QNMsyjq13A==
  dependencies:
    "@babel/runtime" "^7.12.5"
    "@videojs/vhs-utils" "3.0.4"
    aes-decrypter "3.1.2"
    global "^4.4.0"
    m3u8-parser "4.7.0"
    mpd-parser "0.21.0"
    mux.js "6.0.1"
    video.js "^6 || ^7"

"@videojs/vhs-utils@3.0.4":
  version "3.0.4"
  resolved "https://registry.yarnpkg.com/@videojs/vhs-utils/-/vhs-utils-3.0.4.tgz#e253eecd8e9318f767e752010d213587f94bb03a"
  integrity sha512-hui4zOj2I1kLzDgf8QDVxD3IzrwjS/43KiS8IHQO0OeeSsb4pB/lgNt1NG7Dv0wMQfCccUpMVLGcK618s890Yg==
  dependencies:
    "@babel/runtime" "^7.12.5"
    global "^4.4.0"
    url-toolkit "^2.2.1"

"@videojs/vhs-utils@^3.0.0", "@videojs/vhs-utils@^3.0.2", "@videojs/vhs-utils@^3.0.4":
  version "3.0.5"
  resolved "https://registry.yarnpkg.com/@videojs/vhs-utils/-/vhs-utils-3.0.5.tgz#665ba70d78258ba1ab977364e2fe9f4d4799c46c"
  integrity sha512-PKVgdo8/GReqdx512F+ombhS+Bzogiofy1LgAj4tN8PfdBx3HSS7V5WfJotKTqtOWGwVfSWsrYN/t09/DSryrw==
  dependencies:
    "@babel/runtime" "^7.12.5"
    global "^4.4.0"
    url-toolkit "^2.2.1"

"@videojs/xhr@2.6.0":
  version "2.6.0"
  resolved "https://registry.yarnpkg.com/@videojs/xhr/-/xhr-2.6.0.tgz#cd897e0ad54faf497961bcce3fa16dc15a26bb80"
  integrity sha512-7J361GiN1tXpm+gd0xz2QWr3xNWBE+rytvo8J3KuggFaLg+U37gZQ2BuPLcnkfGffy2e+ozY70RHC8jt7zjA6Q==
  dependencies:
    "@babel/runtime" "^7.5.5"
    global "~4.4.0"
    is-function "^1.0.1"

"@xmldom/xmldom@^0.7.2":
  version "0.7.5"
  resolved "https://registry.yarnpkg.com/@xmldom/xmldom/-/xmldom-0.7.5.tgz#09fa51e356d07d0be200642b0e4f91d8e6dd408d"
  integrity sha512-V3BIhmY36fXZ1OtVcI9W+FxQqxVLsPKcNjWigIaa81dLC9IolJl5Mt4Cvhmr0flUnjSpTdrbMTSbXqYqV5dT6A==

aes-decrypter@3.1.2:
  version "3.1.2"
  resolved "https://registry.yarnpkg.com/aes-decrypter/-/aes-decrypter-3.1.2.tgz#3545546f8e9f6b878640339a242efe221ba7a7cb"
  integrity sha512-42nRwfQuPRj9R1zqZBdoxnaAmnIFyDi0MNyTVhjdFOd8fifXKKRfwIHIZ6AMn1or4x5WONzjwRTbTWcsIQ0O4A==
  dependencies:
    "@babel/runtime" "^7.12.5"
    "@videojs/vhs-utils" "^3.0.0"
    global "^4.4.0"
    pkcs7 "^1.0.4"

dom-walk@^0.1.0:
  version "0.1.2"
  resolved "https://registry.yarnpkg.com/dom-walk/-/dom-walk-0.1.2.tgz#0c548bef048f4d1f2a97249002236060daa3fd84"
  integrity sha512-6QvTW9mrGeIegrFXdtQi9pk7O/nSK6lSdXW2eqUspN5LWD7UTji2Fqw5V2YLjBpHEoU9Xl/eUWNpDeZvoyOv2w==

global@^4.3.1, global@^4.4.0, global@~4.4.0:
  version "4.4.0"
  resolved "https://registry.yarnpkg.com/global/-/global-4.4.0.tgz#3e7b105179006a323ed71aafca3e9c57a5cc6406"
  integrity sha512-wv/LAoHdRE3BeTGz53FAamhGlPLhlssK45usmGFThIi4XqnBmjKQ16u+RNbP7WvigRZDxUsM0J3gcQ5yicaL0w==
  dependencies:
    min-document "^2.19.0"
    process "^0.11.10"

individual@^2.0.0:
  version "2.0.0"
  resolved "https://registry.yarnpkg.com/individual/-/individual-2.0.0.tgz#833b097dad23294e76117a98fb38e0d9ad61bb97"
  integrity sha1-gzsJfa0jKU52EXqY+zjg2a1hu5c=

is-function@^1.0.1:
  version "1.0.2"
  resolved "https://registry.yarnpkg.com/is-function/-/is-function-1.0.2.tgz#4f097f30abf6efadac9833b17ca5dc03f8144e08"
  integrity sha512-lw7DUp0aWXYg+CBCN+JKkcE0Q2RayZnSvnZBlwgxHBQhqt5pZNVy4Ri7H9GmmXkdu7LUthszM+Tor1u/2iBcpQ==

keycode@^2.2.0:
  version "2.2.1"
  resolved "https://registry.yarnpkg.com/keycode/-/keycode-2.2.1.tgz#09c23b2be0611d26117ea2501c2c391a01f39eff"
  integrity sha512-Rdgz9Hl9Iv4QKi8b0OlCRQEzp4AgVxyCtz5S/+VIHezDmrDhkp2N2TqBWOLz0/gbeREXOOiI9/4b8BY9uw2vFg==

m3u8-parser@4.7.0:
  version "4.7.0"
  resolved "https://registry.yarnpkg.com/m3u8-parser/-/m3u8-parser-4.7.0.tgz#e01e8ce136098ade1b14ee691ea20fc4dc60abf6"
  integrity sha512-48l/OwRyjBm+QhNNigEEcRcgbRvnUjL7rxs597HmW9QSNbyNvt+RcZ9T/d9vxi9A9z7EZrB1POtZYhdRlwYQkQ==
  dependencies:
    "@babel/runtime" "^7.12.5"
    "@videojs/vhs-utils" "^3.0.0"
    global "^4.4.0"

mathjax@3:
  version "3.2.0"
  resolved "https://registry.yarnpkg.com/mathjax/-/mathjax-3.2.0.tgz#ea7c317f8c81776ecfc83b294fc313046bf7f726"
  integrity sha512-PL+rdYRK4Wxif+SQ94zP/L0sv6/oW/1WdQiIx0Jvn9FZaU5W9E6nlIv8liYAXBNPL2Fw/i+o/mZ1212eSzn0Cw==

min-document@^2.19.0:
  version "2.19.0"
  resolved "https://registry.yarnpkg.com/min-document/-/min-document-2.19.0.tgz#7bd282e3f5842ed295bb748cdd9f1ffa2c824685"
  integrity sha1-e9KC4/WELtKVu3SM3Z8f+iyCRoU=
  dependencies:
    dom-walk "^0.1.0"

mpd-parser@0.21.0:
  version "0.21.0"
  resolved "https://registry.yarnpkg.com/mpd-parser/-/mpd-parser-0.21.0.tgz#c2036cce19522383b93c973180fdd82cd646168e"
  integrity sha512-NbpMJ57qQzFmfCiP1pbL7cGMbVTD0X1hqNgL0VYP1wLlZXLf/HtmvQpNkOA1AHkPVeGQng+7/jEtSvNUzV7Gdg==
  dependencies:
    "@babel/runtime" "^7.12.5"
    "@videojs/vhs-utils" "^3.0.2"
    "@xmldom/xmldom" "^0.7.2"
    global "^4.4.0"

mux.js@6.0.1:
  version "6.0.1"
  resolved "https://registry.yarnpkg.com/mux.js/-/mux.js-6.0.1.tgz#65ce0f7a961d56c006829d024d772902d28c7755"
  integrity sha512-22CHb59rH8pWGcPGW5Og7JngJ9s+z4XuSlYvnxhLuc58cA1WqGDQPzuG8I+sPm1/p0CdgpzVTaKW408k5DNn8w==
  dependencies:
    "@babel/runtime" "^7.11.2"
    global "^4.4.0"

pkcs7@^1.0.4:
  version "1.0.4"
  resolved "https://registry.yarnpkg.com/pkcs7/-/pkcs7-1.0.4.tgz#6090b9e71160dabf69209d719cbafa538b00a1cb"
  integrity sha512-afRERtHn54AlwaF2/+LFszyAANTCggGilmcmILUzEjvs3XgFZT+xE6+QWQcAGmu4xajy+Xtj7acLOPdx5/eXWQ==
  dependencies:
    "@babel/runtime" "^7.5.5"

process@^0.11.10:
  version "0.11.10"
  resolved "https://registry.yarnpkg.com/process/-/process-0.11.10.tgz#7332300e840161bda3e69a1d1d91a7d4bc16f182"
  integrity sha1-czIwDoQBYb2j5podHZGn1LwW8YI=

regenerator-runtime@^0.13.4:
  version "0.13.9"
  resolved "https://registry.yarnpkg.com/regenerator-runtime/-/regenerator-runtime-0.13.9.tgz#8925742a98ffd90814988d7566ad30ca3b263b52"
  integrity sha512-p3VT+cOEgxFsRRA9X4lkI1E+k2/CtnKtU4gcxyaCUreilL/vqI6CdZ3wxVUx3UOUg+gnUOQQcRI7BmSI656MYA==

rust-result@^1.0.0:
  version "1.0.0"
  resolved "https://registry.yarnpkg.com/rust-result/-/rust-result-1.0.0.tgz#34c75b2e6dc39fe5875e5bdec85b5e0f91536f72"
  integrity sha1-NMdbLm3Dn+WHXlveyFteD5FTb3I=
  dependencies:
    individual "^2.0.0"

safe-json-parse@4.0.0:
  version "4.0.0"
  resolved "https://registry.yarnpkg.com/safe-json-parse/-/safe-json-parse-4.0.0.tgz#7c0f578cfccd12d33a71c0e05413e2eca171eaac"
  integrity sha1-fA9XjPzNEtM6ccDgVBPi7KFx6qw=
  dependencies:
    rust-result "^1.0.0"

url-toolkit@^2.2.1:
  version "2.2.5"
  resolved "https://registry.yarnpkg.com/url-toolkit/-/url-toolkit-2.2.5.tgz#58406b18e12c58803e14624df5e374f638b0f607"
  integrity sha512-mtN6xk+Nac+oyJ/PrI7tzfmomRVNFIWKUbG8jdYFt52hxbiReFAXIjYskvu64/dvuW71IcB7lV8l0HvZMac6Jg==

"video.js@^6 || ^7", video.js@^7.18.1:
  version "7.18.1"
  resolved "https://registry.yarnpkg.com/video.js/-/video.js-7.18.1.tgz#d93cd4992710d4d95574a00e7d29a2518f9b30f7"
  integrity sha512-mnXdmkVcD5qQdKMZafDjqdhrnKGettZaGSVkExjACiylSB4r2Yt5W1bchsKmjFpfuNfszsMjTUnnoIWSSqoe/Q==
  dependencies:
    "@babel/runtime" "^7.12.5"
    "@videojs/http-streaming" "2.13.1"
    "@videojs/vhs-utils" "^3.0.4"
    "@videojs/xhr" "2.6.0"
    aes-decrypter "3.1.2"
    global "^4.4.0"
    keycode "^2.2.0"
    m3u8-parser "4.7.0"
    mpd-parser "0.21.0"
    mux.js "6.0.1"
    safe-json-parse "4.0.0"
    videojs-font "3.2.0"
    videojs-vtt.js "^0.15.3"

videojs-font@3.2.0:
  version "3.2.0"
  resolved "https://registry.yarnpkg.com/videojs-font/-/videojs-font-3.2.0.tgz#212c9d3f4e4ec3fa7345167d64316add35e92232"
  integrity sha512-g8vHMKK2/JGorSfqAZQUmYYNnXmfec4MLhwtEFS+mMs2IDY398GLysy6BH6K+aS1KMNu/xWZ8Sue/X/mdQPliA==

videojs-vtt.js@^0.15.3:
  version "0.15.3"
  resolved "https://registry.yarnpkg.com/videojs-vtt.js/-/videojs-vtt.js-0.15.3.tgz#84260393b79487fcf195d9372f812d7fab83a993"
  integrity sha512-5FvVsICuMRx6Hd7H/Y9s9GDeEtYcXQWzGMS+sl4UX3t/zoHp3y+isSfIPRochnTH7h+Bh1ILyC639xy9Z6kPag==
  dependencies:
    global "^4.3.1"
