# THIS IS AN AUTOGENERATED FILE. DO NOT EDIT THIS FILE DIRECTLY.
# yarn lockfile v1


mathjax@3:
  version "3.0.5"
  resolved "https://registry.yarnpkg.com/mathjax/-/mathjax-3.0.5.tgz#707e703a9c1d95f0790bbd404b895566f459d514"
  integrity sha512-9M7VulhltkD8sIebWutK/VfAD+m+6BIFqfpjDh9Pz/etoKUtjO6UMnOhUcDmNl6iApE8C9xrUmaMyNZkZAlrMw==
