# THIS IS AN AUTOGENERATED FILE. DO NOT EDIT THIS FILE DIRECTLY.
# yarn lockfile v1


mathjax@3:
  version "3.1.2"
  resolved "https://registry.yarnpkg.com/mathjax/-/mathjax-3.1.2.tgz#95c0d45ce2330ef7b6a815cebe7d61ecc26bbabd"
  integrity sha512-BojKspBv4nNWzO1wC6VEI+g9gHDOhkaGHGgLxXkasdU4pwjdO5AXD5M/wcLPkXYPjZ/N+6sU8rjQTlyvN2cWiQ==
